
Microsoft Visual Studio Solution File, Format Version 12.00
# Visual Studio 15
VisualStudioVersion = 15.0.27428.1
MinimumVisualStudioVersion = 10.0.40219.1
Project("{FAE04EC0-301F-11D3-BF4B-00C04F79EFBC}") = "RecommendationSystem", "RecommendationSystem\RecommendationSystem.csproj", "{AAE9C5E7-7FAC-4906-B46F-CF28BB32ECFF}"
EndProject
Project("{FAE04EC0-301F-11D3-BF4B-00C04F79EFBC}") = "RecommendationSystem.BL", "RecommendationSystem.BL\RecommendationSystem.BL.csproj", "{B2F38570-E8BA-45F6-9CDF-AAB7DB238D1B}"
EndProject
Project("{FAE04EC0-301F-11D3-BF4B-00C04F79EFBC}") = "RecommendationSystem.Data", "RecommendationSystem.Data\RecommendationSystem.Data.csproj", "{D31F03A7-44A9-4D1A-AC90-B33C8802817F}"
EndProject
Global
	GlobalSection(SolutionConfigurationPlatforms) = preSolution
		Debug|Any CPU = Debug|Any CPU
		Release|Any CPU = Release|Any CPU
	EndGlobalSection
	GlobalSection(ProjectConfigurationPlatforms) = postSolution
		{AAE9C5E7-7FAC-4906-B46F-CF28BB32ECFF}.Debug|Any CPU.ActiveCfg = Debug|Any CPU
		{AAE9C5E7-7FAC-4906-B46F-CF28BB32ECFF}.Debug|Any CPU.Build.0 = Debug|Any CPU
		{AAE9C5E7-7FAC-4906-B46F-CF28BB32ECFF}.Release|Any CPU.ActiveCfg = Release|Any CPU
		{AAE9C5E7-7FAC-4906-B46F-CF28BB32ECFF}.Release|Any CPU.Build.0 = Release|Any CPU
		{B2F38570-E8BA-45F6-9CDF-AAB7DB238D1B}.Debug|Any CPU.ActiveCfg = Debug|Any CPU
		{B2F38570-E8BA-45F6-9CDF-AAB7DB238D1B}.Debug|Any CPU.Build.0 = Debug|Any CPU
		{B2F38570-E8BA-45F6-9CDF-AAB7DB238D1B}.Release|Any CPU.ActiveCfg = Release|Any CPU
		{B2F38570-E8BA-45F6-9CDF-AAB7DB238D1B}.Release|Any CPU.Build.0 = Release|Any CPU
		{D31F03A7-44A9-4D1A-AC90-B33C8802817F}.Debug|Any CPU.ActiveCfg = Debug|Any CPU
		{D31F03A7-44A9-4D1A-AC90-B33C8802817F}.Debug|Any CPU.Build.0 = Debug|Any CPU
		{D31F03A7-44A9-4D1A-AC90-B33C8802817F}.Release|Any CPU.ActiveCfg = Release|Any CPU
		{D31F03A7-44A9-4D1A-AC90-B33C8802817F}.Release|Any CPU.Build.0 = Release|Any CPU
	EndGlobalSection
	GlobalSection(SolutionProperties) = preSolution
		HideSolutionNode = FALSE
	EndGlobalSection
	GlobalSection(ExtensibilityGlobals) = postSolution
		SolutionGuid = {AB40F790-7F5F-4AEC-9D33-124310B07930}
	EndGlobalSection
EndGlobal
